lockfileVersion: '9.0'

settings:
  autoInstallPeers: true
  excludeLinksFromLockfile: false

importers:

  .: {}

  js/changelog:
    optionalDependencies:
      '@d-dev/changelog-darwin-arm64':
        specifier: 0.3.0
        version: link:../darwin-arm64
      '@d-dev/changelog-darwin-x64':
        specifier: 0.3.0
        version: link:../darwin-x64
      '@d-dev/changelog-linux-arm64':
        specifier: 0.3.0
        version: link:../linux-arm64
      '@d-dev/changelog-linux-x64':
        specifier: 0.3.0
        version: link:../linux-x64
      '@d-dev/changelog-win32-arm64':
        specifier: 0.3.0
        version: link:../win32-arm64
      '@d-dev/changelog-win32-x64':
        specifier: 0.3.0
        version: link:../win32-x64

  js/darwin-arm64: {}

  js/darwin-x64: {}

  js/linux-arm64: {}

  js/linux-x64: {}

  js/win32-arm64: {}

  js/win32-x64: {}
